
Microsoft Visual Studio Solution File, Format Version 12.00
# Visual Studio 14
VisualStudioVersion = 14.0.25420.1
MinimumVisualStudioVersion = 10.0.40219.1
Project("{FAE04EC0-301F-11D3-BF4B-00C04F79EFBC}") = "project20171030", "project20171030\project20171030.csproj", "{A9627DB1-05C4-4B71-B97A-3B51D5DBE9AE}"
EndProject
Project("{FAE04EC0-301F-11D3-BF4B-00C04F79EFBC}") = "ProxyFactory", "ProxyFactory\ProxyFactory.csproj", "{1B81B071-D83B-4F48-9D2F-C2236A13D548}"
EndProject
Global
	GlobalSection(SolutionConfigurationPlatforms) = preSolution
		Debug|Any CPU = Debug|Any CPU
		Release|Any CPU = Release|Any CPU
	EndGlobalSection
	GlobalSection(ProjectConfigurationPlatforms) = postSolution
		{A9627DB1-05C4-4B71-B97A-3B51D5DBE9AE}.Debug|Any CPU.ActiveCfg = Debug|Any CPU
		{A9627DB1-05C4-4B71-B97A-3B51D5DBE9AE}.Debug|Any CPU.Build.0 = Debug|Any CPU
		{A9627DB1-05C4-4B71-B97A-3B51D5DBE9AE}.Release|Any CPU.ActiveCfg = Release|Any CPU
		{A9627DB1-05C4-4B71-B97A-3B51D5DBE9AE}.Release|Any CPU.Build.0 = Release|Any CPU
		{1B81B071-D83B-4F48-9D2F-C2236A13D548}.Debug|Any CPU.ActiveCfg = Debug|Any CPU
		{1B81B071-D83B-4F48-9D2F-C2236A13D548}.Debug|Any CPU.Build.0 = Debug|Any CPU
		{1B81B071-D83B-4F48-9D2F-C2236A13D548}.Release|Any CPU.ActiveCfg = Release|Any CPU
		{1B81B071-D83B-4F48-9D2F-C2236A13D548}.Release|Any CPU.Build.0 = Release|Any CPU
	EndGlobalSection
	GlobalSection(SolutionProperties) = preSolution
		HideSolutionNode = FALSE
	EndGlobalSection
EndGlobal
